
Microsoft Visual Studio Solution File, Format Version 12.00
# Visual Studio Version 17
VisualStudioVersion = 17.1.32319.34
MinimumVisualStudioVersion = 10.0.40219.1
Project("{F184B08F-C81C-45F6-A57F-5ABD9991F28F}") = "Lab6-130-230-Arreza-JessClarence", "Lab6-130-230-Arreza-JessClarence\Lab6-130-230-Arreza-JessClarence.vbproj", "{4E165DC5-9D82-4483-B0DE-180A6A6CC4E0}"
EndProject
Global
	GlobalSection(SolutionConfigurationPlatforms) = preSolution
		Debug|Any CPU = Debug|Any CPU
		Release|Any CPU = Release|Any CPU
	EndGlobalSection
	GlobalSection(ProjectConfigurationPlatforms) = postSolution
		{4E165DC5-9D82-4483-B0DE-180A6A6CC4E0}.Debug|Any CPU.ActiveCfg = Debug|Any CPU
		{4E165DC5-9D82-4483-B0DE-180A6A6CC4E0}.Debug|Any CPU.Build.0 = Debug|Any CPU
		{4E165DC5-9D82-4483-B0DE-180A6A6CC4E0}.Release|Any CPU.ActiveCfg = Release|Any CPU
		{4E165DC5-9D82-4483-B0DE-180A6A6CC4E0}.Release|Any CPU.Build.0 = Release|Any CPU
	EndGlobalSection
	GlobalSection(SolutionProperties) = preSolution
		HideSolutionNode = FALSE
	EndGlobalSection
	GlobalSection(ExtensibilityGlobals) = postSolution
		SolutionGuid = {3CE1B45D-7F87-450F-A572-38B0F04667E1}
	EndGlobalSection
EndGlobal
